PODS:
  - Masonry (1.0.2)
  - UAProgressView (0.1.3)

DEPENDENCIES:
  - Masonry (~> 1.0.2)
  - UAProgressView (~> 0.1.3)

SPEC CHECKSUMS:
  Masonry: 7c429b56da9d4ee0bbb3ed77a5ea710d6a5df39e
  UAProgressView: ce49aee47c14df6dc372f6fd57852f570ca97e6b

PODFILE CHECKSUM: ab06d7ab39edfb96997efdfe6b157b3f300d6695

COCOAPODS: 1.1.1
